
Microsoft Visual Studio Solution File, Format Version 12.00
# Visual Studio Version 17
VisualStudioVersion = 17.5.33516.290
MinimumVisualStudioVersion = 10.0.40219.1
Project("{FAE04EC0-301F-11D3-BF4B-00C04F79EFBC}") = "ClearMeasureDemo", "ClearMeasureDemo\ClearMeasureDemo.csproj", "{CA58903B-EACD-44B8-909F-4EB9627FE8B5}"
EndProject
Project("{FAE04EC0-301F-11D3-BF4B-00C04F79EFBC}") = "ClearMeasureDemo.Library", "ClearMeasureDemo.Library\ClearMeasureDemo.Library.csproj", "{D33FB396-4F83-4EFC-BBB8-2BC386802F6B}"
EndProject
Project("{FAE04EC0-301F-11D3-BF4B-00C04F79EFBC}") = "ClearMeasureDemo.Tests", "ClearMeasureDemo.Tests\ClearMeasureDemo.Tests.csproj", "{C343A632-98F1-41C7-BB81-365C78D9EF5F}"
EndProject
Global
	GlobalSection(SolutionConfigurationPlatforms) = preSolution
		Debug|Any CPU = Debug|Any CPU
		Release|Any CPU = Release|Any CPU
	EndGlobalSection
	GlobalSection(ProjectConfigurationPlatforms) = postSolution
		{CA58903B-EACD-44B8-909F-4EB9627FE8B5}.Debug|Any CPU.ActiveCfg = Debug|Any CPU
		{CA58903B-EACD-44B8-909F-4EB9627FE8B5}.Debug|Any CPU.Build.0 = Debug|Any CPU
		{CA58903B-EACD-44B8-909F-4EB9627FE8B5}.Release|Any CPU.ActiveCfg = Release|Any CPU
		{CA58903B-EACD-44B8-909F-4EB9627FE8B5}.Release|Any CPU.Build.0 = Release|Any CPU
		{D33FB396-4F83-4EFC-BBB8-2BC386802F6B}.Debug|Any CPU.ActiveCfg = Debug|Any CPU
		{D33FB396-4F83-4EFC-BBB8-2BC386802F6B}.Debug|Any CPU.Build.0 = Debug|Any CPU
		{D33FB396-4F83-4EFC-BBB8-2BC386802F6B}.Release|Any CPU.ActiveCfg = Release|Any CPU
		{D33FB396-4F83-4EFC-BBB8-2BC386802F6B}.Release|Any CPU.Build.0 = Release|Any CPU
		{C343A632-98F1-41C7-BB81-365C78D9EF5F}.Debug|Any CPU.ActiveCfg = Debug|Any CPU
		{C343A632-98F1-41C7-BB81-365C78D9EF5F}.Debug|Any CPU.Build.0 = Debug|Any CPU
		{C343A632-98F1-41C7-BB81-365C78D9EF5F}.Release|Any CPU.ActiveCfg = Release|Any CPU
		{C343A632-98F1-41C7-BB81-365C78D9EF5F}.Release|Any CPU.Build.0 = Release|Any CPU
	EndGlobalSection
	GlobalSection(SolutionProperties) = preSolution
		HideSolutionNode = FALSE
	EndGlobalSection
	GlobalSection(ExtensibilityGlobals) = postSolution
		SolutionGuid = {A1CF8418-CF5B-44F8-B7D9-13CA6A96918B}
	EndGlobalSection
EndGlobal
